
Microsoft Visual Studio Solution File, Format Version 12.00
# Visual Studio Version 16
VisualStudioVersion = 16.0.31205.134
MinimumVisualStudioVersion = 10.0.40219.1
Project("{FAE04EC0-301F-11D3-BF4B-00C04F79EFBC}") = "BookStore.Authentication", "BookStore.Authentication\BookStore.Authentication.csproj", "{381E33E9-C03D-470C-B60F-137BE5EDC161}"
EndProject
Global
	GlobalSection(SolutionConfigurationPlatforms) = preSolution
		Debug|Any CPU = Debug|Any CPU
		Release|Any CPU = Release|Any CPU
	EndGlobalSection
	GlobalSection(ProjectConfigurationPlatforms) = postSolution
		{381E33E9-C03D-470C-B60F-137BE5EDC161}.Debug|Any CPU.ActiveCfg = Debug|Any CPU
		{381E33E9-C03D-470C-B60F-137BE5EDC161}.Debug|Any CPU.Build.0 = Debug|Any CPU
		{381E33E9-C03D-470C-B60F-137BE5EDC161}.Release|Any CPU.ActiveCfg = Release|Any CPU
		{381E33E9-C03D-470C-B60F-137BE5EDC161}.Release|Any CPU.Build.0 = Release|Any CPU
	EndGlobalSection
	GlobalSection(SolutionProperties) = preSolution
		HideSolutionNode = FALSE
	EndGlobalSection
	GlobalSection(ExtensibilityGlobals) = postSolution
		SolutionGuid = {E4B26022-796E-45E0-A62D-41D098BD683C}
	EndGlobalSection
EndGlobal
